
Microsoft Visual Studio Solution File, Format Version 12.00
# Visual Studio Version 17
VisualStudioVersion = 17.4.33213.308
MinimumVisualStudioVersion = 10.0.40219.1
Project("{FAE04EC0-301F-11D3-BF4B-00C04F79EFBC}") = "2421NumberOfGoodPaths", "2421NumberOfGoodPaths.csproj", "{6BE29778-FD84-4D5B-8CB5-B769F3331F6E}"
EndProject
Global
	GlobalSection(SolutionConfigurationPlatforms) = preSolution
		Debug|Any CPU = Debug|Any CPU
		Release|Any CPU = Release|Any CPU
	EndGlobalSection
	GlobalSection(ProjectConfigurationPlatforms) = postSolution
		{6BE29778-FD84-4D5B-8CB5-B769F3331F6E}.Debug|Any CPU.ActiveCfg = Debug|Any CPU
		{6BE29778-FD84-4D5B-8CB5-B769F3331F6E}.Debug|Any CPU.Build.0 = Debug|Any CPU
		{6BE29778-FD84-4D5B-8CB5-B769F3331F6E}.Release|Any CPU.ActiveCfg = Release|Any CPU
		{6BE29778-FD84-4D5B-8CB5-B769F3331F6E}.Release|Any CPU.Build.0 = Release|Any CPU
	EndGlobalSection
	GlobalSection(SolutionProperties) = preSolution
		HideSolutionNode = FALSE
	EndGlobalSection
	GlobalSection(ExtensibilityGlobals) = postSolution
		SolutionGuid = {337BE86B-B683-4984-8D9C-8B4CC37CE04D}
	EndGlobalSection
EndGlobal
